
Microsoft Visual Studio Solution File, Format Version 12.00
# Visual Studio Version 16
VisualStudioVersion = 25.0.1704.2
MinimumVisualStudioVersion = 10.0.40219.1
Project("{FAE04EC0-301F-11D3-BF4B-00C04F79EFBC}") = "alqoritm suali 8", "alqoritm suali 8\alqoritm suali 8.csproj", "{B60353CD-D44C-4C94-BA30-2D68208AD849}"
EndProject
Global
	GlobalSection(SolutionConfigurationPlatforms) = preSolution
		Debug|Any CPU = Debug|Any CPU
		Release|Any CPU = Release|Any CPU
	EndGlobalSection
	GlobalSection(ProjectConfigurationPlatforms) = postSolution
		{B60353CD-D44C-4C94-BA30-2D68208AD849}.Debug|Any CPU.ActiveCfg = Debug|Any CPU
		{B60353CD-D44C-4C94-BA30-2D68208AD849}.Debug|Any CPU.Build.0 = Debug|Any CPU
		{B60353CD-D44C-4C94-BA30-2D68208AD849}.Release|Any CPU.ActiveCfg = Release|Any CPU
		{B60353CD-D44C-4C94-BA30-2D68208AD849}.Release|Any CPU.Build.0 = Release|Any CPU
	EndGlobalSection
	GlobalSection(SolutionProperties) = preSolution
		HideSolutionNode = FALSE
	EndGlobalSection
	GlobalSection(ExtensibilityGlobals) = postSolution
		SolutionGuid = {21B4FAF0-6044-4531-91D0-72977CD07527}
	EndGlobalSection
EndGlobal
